
Microsoft Visual Studio Solution File, Format Version 12.00
# Visual Studio Version 17
VisualStudioVersion = 17.0.31919.166
MinimumVisualStudioVersion = 10.0.40219.1
Project("{FAE04EC0-301F-11D3-BF4B-00C04F79EFBC}") = "KalkulatorImprezy", "KalkulatorImprezy\KalkulatorImprezy.csproj", "{234B237D-EA5E-41A7-B9D7-D4A35AC5BD9D}"
EndProject
Global
	GlobalSection(SolutionConfigurationPlatforms) = preSolution
		Debug|Any CPU = Debug|Any CPU
		Release|Any CPU = Release|Any CPU
	EndGlobalSection
	GlobalSection(ProjectConfigurationPlatforms) = postSolution
		{234B237D-EA5E-41A7-B9D7-D4A35AC5BD9D}.Debug|Any CPU.ActiveCfg = Debug|Any CPU
		{234B237D-EA5E-41A7-B9D7-D4A35AC5BD9D}.Debug|Any CPU.Build.0 = Debug|Any CPU
		{234B237D-EA5E-41A7-B9D7-D4A35AC5BD9D}.Release|Any CPU.ActiveCfg = Release|Any CPU
		{234B237D-EA5E-41A7-B9D7-D4A35AC5BD9D}.Release|Any CPU.Build.0 = Release|Any CPU
	EndGlobalSection
	GlobalSection(SolutionProperties) = preSolution
		HideSolutionNode = FALSE
	EndGlobalSection
	GlobalSection(ExtensibilityGlobals) = postSolution
		SolutionGuid = {9EB1089F-E9F8-4D0B-850F-00D2E6C32C13}
	EndGlobalSection
EndGlobal
